
Microsoft Visual Studio Solution File, Format Version 12.00
# Visual Studio 15
VisualStudioVersion = 15.0.26730.16
MinimumVisualStudioVersion = 10.0.40219.1
Project("{FAE04EC0-301F-11D3-BF4B-00C04F79EFBC}") = "OperatorOverloadingAndEnumeratorDemo", "OperatorOverloadingAndEnumeratorDemo\OperatorOverloadingAndEnumeratorDemo.csproj", "{F59E14A2-B326-41CD-867C-CE93A825CCA8}"
EndProject
Global
	GlobalSection(SolutionConfigurationPlatforms) = preSolution
		Debug|Any CPU = Debug|Any CPU
		Release|Any CPU = Release|Any CPU
	EndGlobalSection
	GlobalSection(ProjectConfigurationPlatforms) = postSolution
		{F59E14A2-B326-41CD-867C-CE93A825CCA8}.Debug|Any CPU.ActiveCfg = Debug|Any CPU
		{F59E14A2-B326-41CD-867C-CE93A825CCA8}.Debug|Any CPU.Build.0 = Debug|Any CPU
		{F59E14A2-B326-41CD-867C-CE93A825CCA8}.Release|Any CPU.ActiveCfg = Release|Any CPU
		{F59E14A2-B326-41CD-867C-CE93A825CCA8}.Release|Any CPU.Build.0 = Release|Any CPU
	EndGlobalSection
	GlobalSection(SolutionProperties) = preSolution
		HideSolutionNode = FALSE
	EndGlobalSection
	GlobalSection(ExtensibilityGlobals) = postSolution
		SolutionGuid = {FA74E16F-EF6F-4A85-A203-AAABF7F63D70}
	EndGlobalSection
EndGlobal
