
Microsoft Visual Studio Solution File, Format Version 12.00
# Visual Studio 15
VisualStudioVersion = 15.0.26730.16
MinimumVisualStudioVersion = 10.0.40219.1
Project("{FAE04EC0-301F-11D3-BF4B-00C04F79EFBC}") = "InterfacesDemo", "InterfacesDemo\InterfacesDemo.csproj", "{215D14D3-93D2-4B3F-8ED7-CF18D730B28E}"
EndProject
Global
	GlobalSection(SolutionConfigurationPlatforms) = preSolution
		Debug|Any CPU = Debug|Any CPU
		Release|Any CPU = Release|Any CPU
	EndGlobalSection
	GlobalSection(ProjectConfigurationPlatforms) = postSolution
		{215D14D3-93D2-4B3F-8ED7-CF18D730B28E}.Debug|Any CPU.ActiveCfg = Debug|Any CPU
		{215D14D3-93D2-4B3F-8ED7-CF18D730B28E}.Debug|Any CPU.Build.0 = Debug|Any CPU
		{215D14D3-93D2-4B3F-8ED7-CF18D730B28E}.Release|Any CPU.ActiveCfg = Release|Any CPU
		{215D14D3-93D2-4B3F-8ED7-CF18D730B28E}.Release|Any CPU.Build.0 = Release|Any CPU
	EndGlobalSection
	GlobalSection(SolutionProperties) = preSolution
		HideSolutionNode = FALSE
	EndGlobalSection
	GlobalSection(ExtensibilityGlobals) = postSolution
		SolutionGuid = {D70CB5FF-4ECC-412B-B5F7-99933BC1AD1D}
	EndGlobalSection
EndGlobal
